
Microsoft Visual Studio Solution File, Format Version 12.00
# Visual Studio 14
VisualStudioVersion = 14.0.23107.0
MinimumVisualStudioVersion = 10.0.40219.1
Project("{FAE04EC0-301F-11D3-BF4B-00C04F79EFBC}") = "ReportTestApp", "ReportTestApp\ReportTestApp.csproj", "{6F020098-87D4-4913-B932-15877AD1A7B1}"
EndProject
Project("{FAE04EC0-301F-11D3-BF4B-00C04F79EFBC}") = "ReportTestAppTests", "ReportTestAppTests\ReportTestAppTests.csproj", "{94C97BB3-26BC-43EA-A191-07890FEF0352}"
EndProject
Project("{F184B08F-C81C-45F6-A57F-5ABD9991F28F}") = "WebApplication1", "WebApplication1\WebApplication1.vbproj", "{CD8E53D2-B177-494B-AE08-1CEEF98E43D7}"
EndProject
Project("{FAE04EC0-301F-11D3-BF4B-00C04F79EFBC}") = "ReportLibrary2", "..\..\Documents\Visual Studio 2015\Projects\ReportLibrary2\ReportLibrary2\ReportLibrary2.csproj", "{F687EDB6-E1D4-4E0D-A9A8-0B17B8B929BC}"
EndProject
Global
	GlobalSection(SolutionConfigurationPlatforms) = preSolution
		Debug|Any CPU = Debug|Any CPU
		Release|Any CPU = Release|Any CPU
	EndGlobalSection
	GlobalSection(ProjectConfigurationPlatforms) = postSolution
		{6F020098-87D4-4913-B932-15877AD1A7B1}.Debug|Any CPU.ActiveCfg = Debug|Any CPU
		{6F020098-87D4-4913-B932-15877AD1A7B1}.Debug|Any CPU.Build.0 = Debug|Any CPU
		{6F020098-87D4-4913-B932-15877AD1A7B1}.Release|Any CPU.ActiveCfg = Release|Any CPU
		{6F020098-87D4-4913-B932-15877AD1A7B1}.Release|Any CPU.Build.0 = Release|Any CPU
		{94C97BB3-26BC-43EA-A191-07890FEF0352}.Debug|Any CPU.ActiveCfg = Debug|Any CPU
		{94C97BB3-26BC-43EA-A191-07890FEF0352}.Debug|Any CPU.Build.0 = Debug|Any CPU
		{94C97BB3-26BC-43EA-A191-07890FEF0352}.Release|Any CPU.ActiveCfg = Release|Any CPU
		{94C97BB3-26BC-43EA-A191-07890FEF0352}.Release|Any CPU.Build.0 = Release|Any CPU
		{CD8E53D2-B177-494B-AE08-1CEEF98E43D7}.Debug|Any CPU.ActiveCfg = Debug|Any CPU
		{CD8E53D2-B177-494B-AE08-1CEEF98E43D7}.Debug|Any CPU.Build.0 = Debug|Any CPU
		{CD8E53D2-B177-494B-AE08-1CEEF98E43D7}.Release|Any CPU.ActiveCfg = Release|Any CPU
		{CD8E53D2-B177-494B-AE08-1CEEF98E43D7}.Release|Any CPU.Build.0 = Release|Any CPU
		{F687EDB6-E1D4-4E0D-A9A8-0B17B8B929BC}.Debug|Any CPU.ActiveCfg = Debug|Any CPU
		{F687EDB6-E1D4-4E0D-A9A8-0B17B8B929BC}.Debug|Any CPU.Build.0 = Debug|Any CPU
		{F687EDB6-E1D4-4E0D-A9A8-0B17B8B929BC}.Release|Any CPU.ActiveCfg = Release|Any CPU
		{F687EDB6-E1D4-4E0D-A9A8-0B17B8B929BC}.Release|Any CPU.Build.0 = Release|Any CPU
	EndGlobalSection
	GlobalSection(SolutionProperties) = preSolution
		HideSolutionNode = FALSE
	EndGlobalSection
EndGlobal
